// !$*UTF8*$!
{
	archiveVersion = 1;
	classes = {
	};
	objectVersion = 46;
	objects = {

/* Begin PBXBuildFile section */
		0CA7E46F1ACBB87700A95471 /* AppDelegate.swift in Sources */ = {isa = PBXBuildFile; fileRef = 0CA7E46E1ACBB87700A95471 /* AppDelegate.swift */; };
		0CA7E4711ACBB87700A95471 /* ViewController.swift in Sources */ = {isa = PBXBuildFile; fileRef = 0CA7E4701ACBB87700A95471 /* ViewController.swift */; };
		0CA7E4741ACBB87700A95471 /* Main.storyboard in Resources */ = {isa = PBXBuildFile; fileRef = 0CA7E4721ACBB87700A95471 /* Main.storyboard */; };
		0CA7E4761ACBB87700A95471 /* Images.xcassets in Resources */ = {isa = PBXBuildFile; fileRef = 0CA7E4751ACBB87700A95471 /* Images.xcassets */; };
		0CA7E4791ACBB87700A95471 /* LaunchScreen.xib in Resources */ = {isa = PBXBuildFile; fileRef = 0CA7E4771ACBB87700A95471 /* LaunchScreen.xib */; };
		0CA7E4851ACBB87800A95471 /* Pitch_PerfectTests.swift in Sources */ = {isa = PBXBuildFile; fileRef = 0CA7E4841ACBB87800A95471 /* Pitch_PerfectTests.swift */; };
		0CA7E48F1ACC802800A95471 /* PlaySoundsViewController.swift in Sources */ = {isa = PBXBuildFile; fileRef = 0CA7E48E1ACC802800A95471 /* PlaySoundsViewController.swift */; };
		0CA7E4911ACC81DA00A95471 /* movie_quote.mp3 in Resources */ = {isa = PBXBuildFile; fileRef = 0CA7E4901ACC81DA00A95471 /* movie_quote.mp3 */; };
/* End PBXBuildFile section */

/* Begin PBXContainerItemProxy section */
		0CA7E47F1ACBB87800A95471 /* PBXContainerItemProxy */ = {
			isa = PBXContainerItemProxy;
			containerPortal = 0CA7E4611ACBB87700A95471 /* Project object */;
			proxyType = 1;
			remoteGlobalIDString = 0CA7E4681ACBB87700A95471;
			remoteInfo = "Pitch Perfect";
		};
/* End PBXContainerItemProxy section */

/* Begin PBXFileReference section */
		0CA7E4691ACBB87700A95471 /* Pitch Perfect.app */ = {isa = PBXFileReference; explicitFileType = wrapper.application; includeInIndex = 0; path = "Pitch Perfect.app"; sourceTree = BUILT_PRODUCTS_DIR; };
		0CA7E46D1ACBB87700A95471 /* Info.plist */ = {isa = PBXFileReference; lastKnownFileType = text.plist.xml; path = Info.plist; sourceTree = "<group>"; };
		0CA7E46E1ACBB87700A95471 /* AppDelegate.swift */ = {isa = PBXFileReference; lastKnownFileType = sourcecode.swift; path = AppDelegate.swift; sourceTree = "<group>"; };
		0CA7E4701ACBB87700A95471 /* ViewController.swift */ = {isa = PBXFileReference; lastKnownFileType = sourcecode.swift; path = ViewController.swift; sourceTree = "<group>"; };
		0CA7E4731ACBB87700A95471 /* Base */ = {isa = PBXFileReference; lastKnownFileType = file.storyboard; name = Base; path = Base.lproj/Main.storyboard; sourceTree = "<group>"; };
		0CA7E4751ACBB87700A95471 /* Images.xcassets */ = {isa = PBXFileReference; lastKnownFileType = folder.assetcatalog; path = Images.xcassets; sourceTree = "<group>"; };
		0CA7E4781ACBB87700A95471 /* Base */ = {isa = PBXFileReference; lastKnownFileType = file.xib; name = Base; path = Base.lproj/LaunchScreen.xib; sourceTree = "<group>"; };
		0CA7E47E1ACBB87800A95471 /* Pitch PerfectTests.xctest */ = {isa = PBXFileReference; explicitFileType = wrapper.cfbundle; includeInIndex = 0; path = "Pitch PerfectTests.xctest"; sourceTree = BUILT_PRODUCTS_DIR; };
		0CA7E4831ACBB87800A95471 /* Info.plist */ = {isa = PBXFileReference; lastKnownFileType = text.plist.xml; path = Info.plist; sourceTree = "<group>"; };
		0CA7E4841ACBB87800A95471 /* Pitch_PerfectTests.swift */ = {isa = PBXFileReference; lastKnownFileType = sourcecode.swift; path = Pitch_PerfectTests.swift; sourceTree = "<group>"; };
		0CA7E48E1ACC802800A95471 /* PlaySoundsViewController.swift */ = {isa = PBXFileReference; fileEncoding = 4; lastKnownFileType = sourcecode.swift; path = PlaySoundsViewController.swift; sourceTree = "<group>"; };
		0CA7E4901ACC81DA00A95471 /* movie_quote.mp3 */ = {isa = PBXFileReference; lastKnownFileType = audio.mp3; path = movie_quote.mp3; sourceTree = "<group>"; };
/* End PBXFileReference section */

/* Begin PBXFrameworksBuildPhase section */
		0CA7E4661ACBB87700A95471 /* Frameworks */ = {
			isa = PBXFrameworksBuildPhase;
			buildActionMask = 2147483647;
			files = (
			);
			runOnlyForDeploymentPostprocessing = 0;
		};
		0CA7E47B1ACBB87800A95471 /* Frameworks */ = {
			isa = PBXFrameworksBuildPhase;
			buildActionMask = 2147483647;
			files = (
			);
			runOnlyForDeploymentPostprocessing = 0;
		};
/* End PBXFrameworksBuildPhase section */

/* Begin PBXGroup section */
		0CA7E4601ACBB87700A95471 = {
			isa = PBXGroup;
			children = (
				0CA7E46B1ACBB87700A95471 /* Pitch Perfect */,
				0CA7E4811ACBB87800A95471 /* Pitch PerfectTests */,
				0CA7E46A1ACBB87700A95471 /* Products */,
			);
			sourceTree = "<group>";
		};
		0CA7E46A1ACBB87700A95471 /* Products */ = {
			isa = PBXGroup;
			children = (
				0CA7E4691ACBB87700A95471 /* Pitch Perfect.app */,
				0CA7E47E1ACBB87800A95471 /* Pitch PerfectTests.xctest */,
			);
			name = Products;
			sourceTree = "<group>";
		};
		0CA7E46B1ACBB87700A95471 /* Pitch Perfect */ = {
			isa = PBXGroup;
			children = (
				0CA7E46E1ACBB87700A95471 /* AppDelegate.swift */,
				0CA7E4701ACBB87700A95471 /* ViewController.swift */,
				0CA7E4721ACBB87700A95471 /* Main.storyboard */,
				0CA7E4751ACBB87700A95471 /* Images.xcassets */,
				0CA7E4771ACBB87700A95471 /* LaunchScreen.xib */,
				0CA7E46C1ACBB87700A95471 /* Supporting Files */,
				0CA7E48E1ACC802800A95471 /* PlaySoundsViewController.swift */,
			);
			path = "Pitch Perfect";
			sourceTree = "<group>";
		};
		0CA7E46C1ACBB87700A95471 /* Supporting Files */ = {
			isa = PBXGroup;
			children = (
				0CA7E4901ACC81DA00A95471 /* movie_quote.mp3 */,
				0CA7E46D1ACBB87700A95471 /* Info.plist */,
			);
			name = "Supporting Files";
			sourceTree = "<group>";
		};
		0CA7E4811ACBB87800A95471 /* Pitch PerfectTests */ = {
			isa = PBXGroup;
			children = (
				0CA7E4841ACBB87800A95471 /* Pitch_PerfectTests.swift */,
				0CA7E4821ACBB87800A95471 /* Supporting Files */,
			);
			path = "Pitch PerfectTests";
			sourceTree = "<group>";
		};
		0CA7E4821ACBB87800A95471 /* Supporting Files */ = {
			isa = PBXGroup;
			children = (
				0CA7E4831ACBB87800A95471 /* Info.plist */,
			);
			name = "Supporting Files";
			sourceTree = "<group>";
		};
/* End PBXGroup section */

/* Begin PBXNativeTarget section */
		0CA7E4681ACBB87700A95471 /* Pitch Perfect */ = {
			isa = PBXNativeTarget;
			buildConfigurationList = 0CA7E4881ACBB87800A95471 /* Build configuration list for PBXNativeTarget "Pitch Perfect" */;
			buildPhases = (
				0CA7E4651ACBB87700A95471 /* Sources */,
				0CA7E4661ACBB87700A95471 /* Frameworks */,
				0CA7E4671ACBB87700A95471 /* Resources */,
			);
			buildRules = (
			);
			dependencies = (
			);
			name = "Pitch Perfect";
			productName = "Pitch Perfect";
			productReference = 0CA7E4691ACBB87700A95471 /* Pitch Perfect.app */;
			productType = "com.apple.product-type.application";
		};
		0CA7E47D1ACBB87800A95471 /* Pitch PerfectTests */ = {
			isa = PBXNativeTarget;
			buildConfigurationList = 0CA7E48B1ACBB87800A95471 /* Build configuration list for PBXNativeTarget "Pitch PerfectTests" */;
			buildPhases = (
				0CA7E47A1ACBB87800A95471 /* Sources */,
				0CA7E47B1ACBB87800A95471 /* Frameworks */,
				0CA7E47C1ACBB87800A95471 /* Resources */,
			);
			buildRules = (
			);
			dependencies = (
				0CA7E4801ACBB87800A95471 /* PBXTargetDependency */,
			);
			name = "Pitch PerfectTests";
			productName = "Pitch PerfectTests";
			productReference = 0CA7E47E1ACBB87800A95471 /* Pitch PerfectTests.xctest */;
			productType = "com.apple.product-type.bundle.unit-test";
		};
/* End PBXNativeTarget section */

/* Begin PBXProject section */
		0CA7E4611ACBB87700A95471 /* Project object */ = {
			isa = PBXProject;
			attributes = {
				LastUpgradeCheck = 0620;
				ORGANIZATIONNAME = KodeFoundry;
				TargetAttributes = {
					0CA7E4681ACBB87700A95471 = {
						CreatedOnToolsVersion = 6.2;
					};
					0CA7E47D1ACBB87800A95471 = {
						CreatedOnToolsVersion = 6.2;
						TestTargetID = 0CA7E4681ACBB87700A95471;
					};
				};
			};
			buildConfigurationList = 0CA7E4641ACBB87700A95471 /* Build configuration list for PBXProject "Pitch Perfect" */;
			compatibilityVersion = "Xcode 3.2";
			developmentRegion = English;
			hasScannedForEncodings = 0;
			knownRegions = (
				en,
				Base,
			);
			mainGroup = 0CA7E4601ACBB87700A95471;
			productRefGroup = 0CA7E46A1ACBB87700A95471 /* Products */;
			projectDirPath = "";
			projectRoot = "";
			targets = (
				0CA7E4681ACBB87700A95471 /* Pitch Perfect */,
				0CA7E47D1ACBB87800A95471 /* Pitch PerfectTests */,
			);
		};
/* End PBXProject section */

/* Begin PBXResourcesBuildPhase section */
		0CA7E4671ACBB87700A95471 /* Resources */ = {
			isa = PBXResourcesBuildPhase;
			buildActionMask = 2147483647;
			files = (
				0CA7E4741ACBB87700A95471 /* Main.storyboard in Resources */,
				0CA7E4791ACBB87700A95471 /* LaunchScreen.xib in Resources */,
				0CA7E4911ACC81DA00A95471 /* movie_quote.mp3 in Resources */,
				0CA7E4761ACBB87700A95471 /* Images.xcassets in Resources */,
			);
			runOnlyForDeploymentPostprocessing = 0;
		};
		0CA7E47C1ACBB87800A95471 /* Resources */ = {
			isa = PBXResourcesBuildPhase;
			buildActionMask = 2147483647;
			files = (
			);
			runOnlyForDeploymentPostprocessing = 0;
		};
/* End PBXResourcesBuildPhase section */

/* Begin PBXSourcesBuildPhase section */
		0CA7E4651ACBB87700A95471 /* Sources */ = {
			isa = PBXSourcesBuildPhase;
			buildActionMask = 2147483647;
			files = (
				0CA7E4711ACBB87700A95471 /* ViewController.swift in Sources */,
				0CA7E48F1ACC802800A95471 /* PlaySoundsViewController.swift in Sources */,
				0CA7E46F1ACBB87700A95471 /* AppDelegate.swift in Sources */,
			);
			runOnlyForDeploymentPostprocessing = 0;
		};
		0CA7E47A1ACBB87800A95471 /* Sources */ = {
			isa = PBXSourcesBuildPhase;
			buildActionMask = 2147483647;
			files = (
				0CA7E4851ACBB87800A95471 /* Pitch_PerfectTests.swift in Sources */,
			);
			runOnlyForDeploymentPostprocessing = 0;
		};
/* End PBXSourcesBuildPhase section */

/* Begin PBXTargetDependency section */
		0CA7E4801ACBB87800A95471 /* PBXTargetDependency */ = {
			isa = PBXTargetDependency;
			target = 0CA7E4681ACBB87700A95471 /* Pitch Perfect */;
			targetProxy = 0CA7E47F1ACBB87800A95471 /* PBXContainerItemProxy */;
		};
/* End PBXTargetDependency section */

/* Begin PBXVariantGroup section */
		0CA7E4721ACBB87700A95471 /* Main.storyboard */ = {
			isa = PBXVariantGroup;
			children = (
				0CA7E4731ACBB87700A95471 /* Base */,
			);
			name = Main.storyboard;
			sourceTree = "<group>";
		};
		0CA7E4771ACBB87700A95471 /* LaunchScreen.xib */ = {
			isa = PBXVariantGroup;
			children = (
				0CA7E4781ACBB87700A95471 /* Base */,
			);
			name = LaunchScreen.xib;
			sourceTree = "<group>";
		};
/* End PBXVariantGroup section */

/* Begin XCBuildConfiguration section */
		0CA7E4861ACBB87800A95471 /* Debug */ = {
			isa = XCBuildConfiguration;
			buildSettings = {
				ALWAYS_SEARCH_USER_PATHS = NO;
				CLANG_CXX_LANGUAGE_STANDARD = "gnu++0x";
				CLANG_CXX_LIBRARY = "libc++";
				CLANG_ENABLE_MODULES = YES;
				CLANG_ENABLE_OBJC_ARC = YES;
				CLANG_WARN_BOOL_CONVERSION = YES;
				CLANG_WARN_CONSTANT_CONVERSION = YES;
				CLANG_WARN_DIRECT_OBJC_ISA_USAGE = YES_ERROR;
				CLANG_WARN_EMPTY_BODY = YES;
				CLANG_WARN_ENUM_CONVERSION = YES;
				CLANG_WARN_INT_CONVERSION = YES;
				CLANG_WARN_OBJC_ROOT_CLASS = YES_ERROR;
				CLANG_WARN_UNREACHABLE_CODE = YES;
				CLANG_WARN__DUPLICATE_METHOD_MATCH = YES;
				"CODE_SIGN_IDENTITY[sdk=iphoneos*]" = "iPhone Developer";
				COPY_PHASE_STRIP = NO;
				ENABLE_STRICT_OBJC_MSGSEND = YES;
				GCC_C_LANGUAGE_STANDARD = gnu99;
				GCC_DYNAMIC_NO_PIC = NO;
				GCC_OPTIMIZATION_LEVEL = 0;
				GCC_PREPROCESSOR_DEFINITIONS = (
					"DEBUG=1",
					"$(inherited)",
				);
				GCC_SYMBOLS_PRIVATE_EXTERN = NO;
				GCC_WARN_64_TO_32_BIT_CONVERSION = YES;
				GCC_WARN_ABOUT_RETURN_TYPE = YES_ERROR;
				GCC_WARN_UNDECLARED_SELECTOR = YES;
				GCC_WARN_UNINITIALIZED_AUTOS = YES_AGGRESSIVE;
				GCC_WARN_UNUSED_FUNCTION = YES;
				GCC_WARN_UNUSED_VARIABLE = YES;
				IPHONEOS_DEPLOYMENT_TARGET = 8.2;
				MTL_ENABLE_DEBUG_INFO = YES;
				ONLY_ACTIVE_ARCH = YES;
				SDKROOT = iphoneos;
				SWIFT_OPTIMIZATION_LEVEL = "-Onone";
			};
			name = Debug;
		};
		0CA7E4871ACBB87800A95471 /* Release */ = {
			isa = XCBuildConfiguration;
			buildSettings = {
				ALWAYS_SEARCH_USER_PATHS = NO;
				CLANG_CXX_LANGUAGE_STANDARD = "gnu++0x";
				CLANG_CXX_LIBRARY = "libc++";
				CLANG_ENABLE_MODULES = YES;
				CLANG_ENABLE_OBJC_ARC = YES;
				CLANG_WARN_BOOL_CONVERSION = YES;
				CLANG_WARN_CONSTANT_CONVERSION = YES;
				CLANG_WARN_DIRECT_OBJC_ISA_USAGE = YES_ERROR;
				CLANG_WARN_EMPTY_BODY = YES;
				CLANG_WARN_ENUM_CONVERSION = YES;
				CLANG_WARN_INT_CONVERSION = YES;
				CLANG_WARN_OBJC_ROOT_CLASS = YES_ERROR;
				CLANG_WARN_UNREACHABLE_CODE = YES;
				CLANG_WARN__DUPLICATE_METHOD_MATCH = YES;
				"CODE_SIGN_IDENTITY[sdk=iphoneos*]" = "iPhone Developer";
				COPY_PHASE_STRIP = NO;
				ENABLE_NS_ASSERTIONS = NO;
				ENABLE_STRICT_OBJC_MSGSEND = YES;
				GCC_C_LANGUAGE_STANDARD = gnu99;
				GCC_WARN_64_TO_32_BIT_CONVERSION = YES;
				GCC_WARN_ABOUT_RETURN_TYPE = YES_ERROR;
				GCC_WARN_UNDECLARED_SELECTOR = YES;
				GCC_WARN_UNINITIALIZED_AUTOS = YES_AGGRESSIVE;
				GCC_WARN_UNUSED_FUNCTION = YES;
				GCC_WARN_UNUSED_VARIABLE = YES;
				IPHONEOS_DEPLOYMENT_TARGET = 8.2;
				MTL_ENABLE_DEBUG_INFO = NO;
				SDKROOT = iphoneos;
				VALIDATE_PRODUCT = YES;
			};
			name = Release;
		};
		0CA7E4891ACBB87800A95471 /* Debug */ = {
			isa = XCBuildConfiguration;
			buildSettings = {
				ASSETCATALOG_COMPILER_APPICON_NAME = AppIcon;
				INFOPLIST_FILE = "Pitch Perfect/Info.plist";
				IPHONEOS_DEPLOYMENT_TARGET = 8.0;
				LD_RUNPATH_SEARCH_PATHS = "$(inherited) @executable_path/Frameworks";
				PRODUCT_NAME = "$(TARGET_NAME)";
			};
			name = Debug;
		};
		0CA7E48A1ACBB87800A95471 /* Release */ = {
			isa = XCBuildConfiguration;
			buildSettings = {
				ASSETCATALOG_COMPILER_APPICON_NAME = AppIcon;
				INFOPLIST_FILE = "Pitch Perfect/Info.plist";
				IPHONEOS_DEPLOYMENT_TARGET = 8.0;
				LD_RUNPATH_SEARCH_PATHS = "$(inherited) @executable_path/Frameworks";
				PRODUCT_NAME = "$(TARGET_NAME)";
			};
			name = Release;
		};
		0CA7E48C1ACBB87800A95471 /* Debug */ = {
			isa = XCBuildConfiguration;
			buildSettings = {
				BUNDLE_LOADER = "$(TEST_HOST)";
				FRAMEWORK_SEARCH_PATHS = (
					"$(SDKROOT)/Developer/Library/Frameworks",
					"$(inherited)",
				);
				GCC_PREPROCESSOR_DEFINITIONS = (
					"DEBUG=1",
					"$(inherited)",
				);
				INFOPLIST_FILE = "Pitch PerfectTests/Info.plist";
				LD_RUNPATH_SEARCH_PATHS = "$(inherited) @executable_path/Frameworks @loader_path/Frameworks";
				PRODUCT_NAME = "$(TARGET_NAME)";
				TEST_HOST = "$(BUILT_PRODUCTS_DIR)/Pitch Perfect.app/Pitch Perfect";
			};
			name = Debug;
		};
		0CA7E48D1ACBB87800A95471 /* Release */ = {
			isa = XCBuildConfiguration;
			buildSettings = {
				BUNDLE_LOADER = "$(TEST_HOST)";
				FRAMEWORK_SEARCH_PATHS = (
					"$(SDKROOT)/Developer/Library/Frameworks",
					"$(inherited)",
				);
				INFOPLIST_FILE = "Pitch PerfectTests/Info.plist";
				LD_RUNPATH_SEARCH_PATHS = "$(inherited) @executable_path/Frameworks @loader_path/Frameworks";
				PRODUCT_NAME = "$(TARGET_NAME)";
				TEST_HOST = "$(BUILT_PRODUCTS_DIR)/Pitch Perfect.app/Pitch Perfect";
			};
			name = Release;
		};
/* End XCBuildConfiguration section */

/* Begin XCConfigurationList section */
		0CA7E4641ACBB87700A95471 /* Build configuration list for PBXProject "Pitch Perfect" */ = {
			isa = XCConfigurationList;
			buildConfigurations = (
				0CA7E4861ACBB87800A95471 /* Debug */,
				0CA7E4871ACBB87800A95471 /* Release */,
			);
			defaultConfigurationIsVisible = 0;
			defaultConfigurationName = Release;
		};
		0CA7E4881ACBB87800A95471 /* Build configuration list for PBXNativeTarget "Pitch Perfect" */ = {
			isa = XCConfigurationList;
			buildConfigurations = (
				0CA7E4891ACBB87800A95471 /* Debug */,
				0CA7E48A1ACBB87800A95471 /* Release */,
			);
			defaultConfigurationIsVisible = 0;
		};
		0CA7E48B1ACBB87800A95471 /* Build configuration list for PBXNativeTarget "Pitch PerfectTests" */ = {
			isa = XCConfigurationList;
			buildConfigurations = (
				0CA7E48C1ACBB87800A95471 /* Debug */,
				0CA7E48D1ACBB87800A95471 /* Release */,
			);
			defaultConfigurationIsVisible = 0;
		};
/* End XCConfigurationList section */
	};
	rootObject = 0CA7E4611ACBB87700A95471 /* Project object */;
}
